{
  "name": "logic",
  "version": "1.0.0",
  "lockfileVersion": 3,
  "requires": true,
  "packages": {
    "": {
      "name": "logic",
      "version": "1.0.0",
      "license": "ISC",
      "dependencies": {
        "xstate": "^5.19.2"
      }
    },
    "../../node_modules/.pnpm/xstate@5.19.2/node_modules/xstate": {
      "version": "5.19.2",
      "license": "MIT",
      "devDependencies": {
        "@scion-scxml/test-framework": "^2.0.15",
        "@xstate-repo/jest-utils": "^0.0.0",
        "ajv": "^8.12.0",
        "pkg-up": "^3.1.0",
        "rxjs": "^7.8.1",
        "xml-js": "^1.6.11"
      },
      "funding": {
        "type": "opencollective",
        "url": "https://opencollective.com/xstate"
      }
    },
    "node_modules/xstate": {
      "resolved": "../../node_modules/.pnpm/xstate@5.19.2/node_modules/xstate",
      "link": true
    }
  }
}
